
Microsoft Visual Studio Solution File, Format Version 12.00
# Visual Studio 15
Project("{FAE04EC0-301F-11D3-BF4B-00C04F79EFBC}") = "Assembly-CSharp", "Assembly-CSharp.csproj", "{FB58841A-BBD3-F157-DFBC-FC6E6D6B88E6}"
EndProject
Project("{FAE04EC0-301F-11D3-BF4B-00C04F79EFBC}") = "Assembly-CSharp-Editor", "Assembly-CSharp-Editor.csproj", "{E6451B74-107A-3890-0ABD-3A18943583FB}"
EndProject
Global
	GlobalSection(SolutionConfigurationPlatforms) = preSolution
		Debug|Any CPU = Debug|Any CPU
		Release|Any CPU = Release|Any CPU
	EndGlobalSection
	GlobalSection(ProjectConfigurationPlatforms) = postSolution
		{FB58841A-BBD3-F157-DFBC-FC6E6D6B88E6}.Debug|Any CPU.ActiveCfg = Debug|Any CPU
		{FB58841A-BBD3-F157-DFBC-FC6E6D6B88E6}.Debug|Any CPU.Build.0 = Debug|Any CPU
		{FB58841A-BBD3-F157-DFBC-FC6E6D6B88E6}.Release|Any CPU.ActiveCfg = Release|Any CPU
		{FB58841A-BBD3-F157-DFBC-FC6E6D6B88E6}.Release|Any CPU.Build.0 = Release|Any CPU
		{E6451B74-107A-3890-0ABD-3A18943583FB}.Debug|Any CPU.ActiveCfg = Debug|Any CPU
		{E6451B74-107A-3890-0ABD-3A18943583FB}.Debug|Any CPU.Build.0 = Debug|Any CPU
		{E6451B74-107A-3890-0ABD-3A18943583FB}.Release|Any CPU.ActiveCfg = Release|Any CPU
		{E6451B74-107A-3890-0ABD-3A18943583FB}.Release|Any CPU.Build.0 = Release|Any CPU
	EndGlobalSection
	GlobalSection(SolutionProperties) = preSolution
		HideSolutionNode = FALSE
	EndGlobalSection
EndGlobal
